{
  "name": "dreamwidth",
  "lockfileVersion": 3,
  "requires": true,
  "packages": {
    "": {
      "dependencies": {
        "@devcontainers/cli": "^0.82.0"
      }
    },
    "node_modules/@devcontainers/cli": {
      "version": "0.82.0",
      "resolved": "https://registry.npmjs.org/@devcontainers/cli/-/cli-0.82.0.tgz",
      "integrity": "sha512-63A+HqSzpQ+sMfgJ0+MBW4v6CxbPYF9KSDRKYwRTec4cL1ZYgAn0apSEEMOBwCOKtNAsBSTO8nsHPCB/dFbw1w==",
      "license": "MIT",
      "bin": {
        "devcontainer": "devcontainer.js"
      },
      "engines": {
        "node": "^16.13.0 || >=18.0.0"
      }
    }
  }
}
